
Microsoft Visual Studio Solution File, Format Version 12.00
# Visual Studio 15
VisualStudioVersion = 15.0.27130.2036
MinimumVisualStudioVersion = 10.0.40219.1
Project("{FAE04EC0-301F-11D3-BF4B-00C04F79EFBC}") = "Lab1", "Lab1\Lab1.csproj", "{786D0F8A-5007-4DAB-942D-86FBB355533F}"
EndProject
Project("{FAE04EC0-301F-11D3-BF4B-00C04F79EFBC}") = "Lab2", "Lab2\Lab2.csproj", "{74BB2D18-031A-430F-B50F-A43060FBFBD1}"
EndProject
Project("{FAE04EC0-301F-11D3-BF4B-00C04F79EFBC}") = "Lab3Server", "Lab3Server\Lab3Server.csproj", "{D9BE4484-B542-4E89-9607-828060590E9B}"
EndProject
Project("{FAE04EC0-301F-11D3-BF4B-00C04F79EFBC}") = "Lab3", "Lab3\Lab3.csproj", "{4DDD3BD6-A643-42CE-97A4-3F9271AC857F}"
EndProject
Project("{FAE04EC0-301F-11D3-BF4B-00C04F79EFBC}") = "Lab3Client", "Lab3Client\Lab3Client.csproj", "{3BABB46E-2D20-4EB9-9B30-688544E193BD}"
EndProject
Project("{FAE04EC0-301F-11D3-BF4B-00C04F79EFBC}") = "Lab4Client", "Lab4Client\Lab4Client.csproj", "{F84BF2A3-6D93-4CD4-AA2B-1DCBB6780EBB}"
EndProject
Project("{FAE04EC0-301F-11D3-BF4B-00C04F79EFBC}") = "Lab4Server", "Lab4Server\Lab4Server.csproj", "{CC49A937-043D-4E4F-AE7B-ED736D3D1168}"
EndProject
Project("{FAE04EC0-301F-11D3-BF4B-00C04F79EFBC}") = "Lab4", "Lab4\Lab4.csproj", "{E232976C-FE87-4D93-8454-CA2344829D9F}"
EndProject
Project("{FAE04EC0-301F-11D3-BF4B-00C04F79EFBC}") = "Lab5", "Lab5\Lab5.csproj", "{38DEDB55-3DAF-4256-8ED2-859827E599F5}"
EndProject
Global
	GlobalSection(SolutionConfigurationPlatforms) = preSolution
		Debug|Any CPU = Debug|Any CPU
		Release|Any CPU = Release|Any CPU
	EndGlobalSection
	GlobalSection(ProjectConfigurationPlatforms) = postSolution
		{786D0F8A-5007-4DAB-942D-86FBB355533F}.Debug|Any CPU.ActiveCfg = Debug|Any CPU
		{786D0F8A-5007-4DAB-942D-86FBB355533F}.Debug|Any CPU.Build.0 = Debug|Any CPU
		{786D0F8A-5007-4DAB-942D-86FBB355533F}.Release|Any CPU.ActiveCfg = Release|Any CPU
		{786D0F8A-5007-4DAB-942D-86FBB355533F}.Release|Any CPU.Build.0 = Release|Any CPU
		{74BB2D18-031A-430F-B50F-A43060FBFBD1}.Debug|Any CPU.ActiveCfg = Debug|Any CPU
		{74BB2D18-031A-430F-B50F-A43060FBFBD1}.Debug|Any CPU.Build.0 = Debug|Any CPU
		{74BB2D18-031A-430F-B50F-A43060FBFBD1}.Release|Any CPU.ActiveCfg = Release|Any CPU
		{74BB2D18-031A-430F-B50F-A43060FBFBD1}.Release|Any CPU.Build.0 = Release|Any CPU
		{D9BE4484-B542-4E89-9607-828060590E9B}.Debug|Any CPU.ActiveCfg = Debug|Any CPU
		{D9BE4484-B542-4E89-9607-828060590E9B}.Debug|Any CPU.Build.0 = Debug|Any CPU
		{D9BE4484-B542-4E89-9607-828060590E9B}.Release|Any CPU.ActiveCfg = Release|Any CPU
		{D9BE4484-B542-4E89-9607-828060590E9B}.Release|Any CPU.Build.0 = Release|Any CPU
		{4DDD3BD6-A643-42CE-97A4-3F9271AC857F}.Debug|Any CPU.ActiveCfg = Debug|Any CPU
		{4DDD3BD6-A643-42CE-97A4-3F9271AC857F}.Debug|Any CPU.Build.0 = Debug|Any CPU
		{4DDD3BD6-A643-42CE-97A4-3F9271AC857F}.Release|Any CPU.ActiveCfg = Release|Any CPU
		{4DDD3BD6-A643-42CE-97A4-3F9271AC857F}.Release|Any CPU.Build.0 = Release|Any CPU
		{3BABB46E-2D20-4EB9-9B30-688544E193BD}.Debug|Any CPU.ActiveCfg = Debug|Any CPU
		{3BABB46E-2D20-4EB9-9B30-688544E193BD}.Debug|Any CPU.Build.0 = Debug|Any CPU
		{3BABB46E-2D20-4EB9-9B30-688544E193BD}.Release|Any CPU.ActiveCfg = Release|Any CPU
		{3BABB46E-2D20-4EB9-9B30-688544E193BD}.Release|Any CPU.Build.0 = Release|Any CPU
		{F84BF2A3-6D93-4CD4-AA2B-1DCBB6780EBB}.Debug|Any CPU.ActiveCfg = Debug|Any CPU
		{F84BF2A3-6D93-4CD4-AA2B-1DCBB6780EBB}.Debug|Any CPU.Build.0 = Debug|Any CPU
		{F84BF2A3-6D93-4CD4-AA2B-1DCBB6780EBB}.Release|Any CPU.ActiveCfg = Release|Any CPU
		{F84BF2A3-6D93-4CD4-AA2B-1DCBB6780EBB}.Release|Any CPU.Build.0 = Release|Any CPU
		{CC49A937-043D-4E4F-AE7B-ED736D3D1168}.Debug|Any CPU.ActiveCfg = Debug|Any CPU
		{CC49A937-043D-4E4F-AE7B-ED736D3D1168}.Debug|Any CPU.Build.0 = Debug|Any CPU
		{CC49A937-043D-4E4F-AE7B-ED736D3D1168}.Release|Any CPU.ActiveCfg = Release|Any CPU
		{CC49A937-043D-4E4F-AE7B-ED736D3D1168}.Release|Any CPU.Build.0 = Release|Any CPU
		{E232976C-FE87-4D93-8454-CA2344829D9F}.Debug|Any CPU.ActiveCfg = Debug|Any CPU
		{E232976C-FE87-4D93-8454-CA2344829D9F}.Debug|Any CPU.Build.0 = Debug|Any CPU
		{E232976C-FE87-4D93-8454-CA2344829D9F}.Release|Any CPU.ActiveCfg = Release|Any CPU
		{E232976C-FE87-4D93-8454-CA2344829D9F}.Release|Any CPU.Build.0 = Release|Any CPU
		{38DEDB55-3DAF-4256-8ED2-859827E599F5}.Debug|Any CPU.ActiveCfg = Debug|Any CPU
		{38DEDB55-3DAF-4256-8ED2-859827E599F5}.Debug|Any CPU.Build.0 = Debug|Any CPU
		{38DEDB55-3DAF-4256-8ED2-859827E599F5}.Release|Any CPU.ActiveCfg = Release|Any CPU
		{38DEDB55-3DAF-4256-8ED2-859827E599F5}.Release|Any CPU.Build.0 = Release|Any CPU
	EndGlobalSection
	GlobalSection(SolutionProperties) = preSolution
		HideSolutionNode = FALSE
	EndGlobalSection
	GlobalSection(ExtensibilityGlobals) = postSolution
		SolutionGuid = {70B56C6D-D478-4ABC-9276-A7D8F3ADFF97}
	EndGlobalSection
EndGlobal
